
Microsoft Visual Studio Solution File, Format Version 12.00
# Visual Studio Version 17
VisualStudioVersion = 17.3.32901.215
MinimumVisualStudioVersion = 10.0.40219.1
Project("{8BC9CEB8-8B4A-11D0-8D11-00A0C91BC942}") = "SoftRenderer", "SoftRenderer\SoftRenderer.vcxproj", "{553CB70D-D5A2-40D2-AD2C-C467FDDD79FB}"
EndProject
Global
	GlobalSection(SolutionConfigurationPlatforms) = preSolution
		Debug|x64 = Debug|x64
		Debug|x86 = Debug|x86
		Release|x64 = Release|x64
		Release|x86 = Release|x86
	EndGlobalSection
	GlobalSection(ProjectConfigurationPlatforms) = postSolution
		{553CB70D-D5A2-40D2-AD2C-C467FDDD79FB}.Debug|x64.ActiveCfg = Debug|x64
		{553CB70D-D5A2-40D2-AD2C-C467FDDD79FB}.Debug|x64.Build.0 = Debug|x64
		{553CB70D-D5A2-40D2-AD2C-C467FDDD79FB}.Debug|x86.ActiveCfg = Debug|Win32
		{553CB70D-D5A2-40D2-AD2C-C467FDDD79FB}.Debug|x86.Build.0 = Debug|Win32
		{553CB70D-D5A2-40D2-AD2C-C467FDDD79FB}.Release|x64.ActiveCfg = Release|x64
		{553CB70D-D5A2-40D2-AD2C-C467FDDD79FB}.Release|x64.Build.0 = Release|x64
		{553CB70D-D5A2-40D2-AD2C-C467FDDD79FB}.Release|x86.ActiveCfg = Release|Win32
		{553CB70D-D5A2-40D2-AD2C-C467FDDD79FB}.Release|x86.Build.0 = Release|Win32
	EndGlobalSection
	GlobalSection(SolutionProperties) = preSolution
		HideSolutionNode = FALSE
	EndGlobalSection
	GlobalSection(ExtensibilityGlobals) = postSolution
		SolutionGuid = {A01A7D2D-B022-4E60-8822-ED975140D591}
	EndGlobalSection
EndGlobal
